{
  "version": 4,
  "terraform_version": "1.15.4",
  "serial": 8,
  "lineage": "aa4e5b7e-7eb0-86d7-4ee2-4cf615c70d18",
  "outputs": {
    "acr_login_server": {
      "value": "acraksdemodev.azurecr.io",
      "type": "string"
    },
    "aks_name": {
      "value": "aks-aksdemo-dev",
      "type": "string"
    },
    "resource_group_name": {
      "value": "rg-aksdemo-dev-canadacentral",
      "type": "string"
    }
  },
  "resources": [
    {
      "module": "module.acr",
      "mode": "managed",
      "type": "azurerm_container_registry",
      "name": "this",
      "provider": "provider[\"registry.terraform.io/hashicorp/azurerm\"]",
      "instances": [
        {
          "schema_version": 2,
          "attributes": {
            "admin_enabled": false,
            "admin_password": "",
            "admin_username": "",
            "anonymous_pull_enabled": false,
            "data_endpoint_enabled": false,
            "data_endpoint_host_names": [],
            "encryption": [],
            "export_policy_enabled": true,
            "georeplications": [],
            "id": "/subscriptions/2d572c2f-9575-4056-b8fe-932ecbf7c74f/resourceGroups/rg-aksdemo-dev-canadacentral/providers/Microsoft.ContainerRegistry/registries/acraksdemodev",
            "identity": [],
            "location": "canadacentral",
            "login_server": "acraksdemodev.azurecr.io",
            "name": "acraksdemodev",
            "network_rule_bypass_option": "AzureServices",
            "network_rule_set": [],
            "public_network_access_enabled": true,
            "quarantine_policy_enabled": false,
            "resource_group_name": "rg-aksdemo-dev-canadacentral",
            "retention_policy_in_days": 0,
            "sku": "Standard",
            "tags": {
              "environment": "dev",
              "managed_by": "terraform",
              "project": "aksdemo"
            },
            "timeouts": null,
            "trust_policy_enabled": false,
            "zone_redundancy_enabled": false
          },
          "sensitive_attributes": [
            [
              {
                "type": "get_attr",
                "value": "admin_password"
              }
            ]
          ],
          "identity_schema_version": 0,
          "private": "eyJlMmJmYjczMC1lY2FhLTExZTYtOGY4OC0zNDM2M2JjN2M0YzAiOnsiY3JlYXRlIjoxODAwMDAwMDAwMDAwLCJkZWxldGUiOjE4MDAwMDAwMDAwMDAsInJlYWQiOjMwMDAwMDAwMDAwMCwidXBkYXRlIjoxODAwMDAwMDAwMDAwfSwic2NoZW1hX3ZlcnNpb24iOiIyIn0=",
          "dependencies": [
            "module.resource_group.azurerm_resource_group.this"
          ]
        }
      ]
    },
    {
      "module": "module.aks",
      "mode": "data",
      "type": "azurerm_role_definition",
      "name": "acr_pull",
      "provider": "provider[\"registry.terraform.io/hashicorp/azurerm\"]",
      "instances": [
        {
          "schema_version": 0,
          "attributes": {
            "assignable_scopes": [
              "/"
            ],
            "description": "acr pull",
            "id": "/providers/Microsoft.Authorization/roleDefinitions/7f951dda-4ed3-4680-a7ca-43fe172d538d",
            "name": "AcrPull",
            "permissions": [
              {
                "actions": [
                  "Microsoft.ContainerRegistry/registries/pull/read"
                ],
                "condition": "",
                "condition_version": "",
                "data_actions": [],
                "not_actions": [],
                "not_data_actions": []
              }
            ],
            "role_definition_id": "/providers/Microsoft.Authorization/roleDefinitions/7f951dda-4ed3-4680-a7ca-43fe172d538d",
            "scope": "",
            "timeouts": null,
            "type": "BuiltInRole"
          },
          "sensitive_attributes": [],
          "identity_schema_version": 0
        }
      ]
    },
    {
      "module": "module.networking",
      "mode": "managed",
      "type": "azurerm_subnet",
      "name": "aks",
      "provider": "provider[\"registry.terraform.io/hashicorp/azurerm\"]",
      "instances": [
        {
          "schema_version": 0,
          "attributes": {
            "address_prefixes": [
              "10.0.1.0/24"
            ],
            "default_outbound_access_enabled": true,
            "delegation": [],
            "id": "/subscriptions/2d572c2f-9575-4056-b8fe-932ecbf7c74f/resourceGroups/rg-aksdemo-dev-canadacentral/providers/Microsoft.Network/virtualNetworks/vnet-aksdemo-dev/subnets/snet-aks-aksdemo-dev",
            "ip_address_pool": [],
            "name": "snet-aks-aksdemo-dev",
            "private_endpoint_network_policies": "Disabled",
            "private_link_service_network_policies_enabled": true,
            "resource_group_name": "rg-aksdemo-dev-canadacentral",
            "service_endpoint_policy_ids": [],
            "service_endpoints": [],
            "sharing_scope": "",
            "timeouts": null,
            "virtual_network_name": "vnet-aksdemo-dev"
          },
          "sensitive_attributes": [],
          "identity_schema_version": 0,
          "identity": {
            "name": "snet-aks-aksdemo-dev",
            "resource_group_name": "rg-aksdemo-dev-canadacentral",
            "subscription_id": "2d572c2f-9575-4056-b8fe-932ecbf7c74f",
            "virtual_network_name": "vnet-aksdemo-dev"
          },
          "private": "eyJlMmJmYjczMC1lY2FhLTExZTYtOGY4OC0zNDM2M2JjN2M0YzAiOnsiY3JlYXRlIjoxODAwMDAwMDAwMDAwLCJkZWxldGUiOjE4MDAwMDAwMDAwMDAsInJlYWQiOjMwMDAwMDAwMDAwMCwidXBkYXRlIjoxODAwMDAwMDAwMDAwfX0=",
          "dependencies": [
            "module.networking.azurerm_virtual_network.this",
            "module.resource_group.azurerm_resource_group.this"
          ]
        }
      ]
    },
    {
      "module": "module.networking",
      "mode": "managed",
      "type": "azurerm_virtual_network",
      "name": "this",
      "provider": "provider[\"registry.terraform.io/hashicorp/azurerm\"]",
      "instances": [
        {
          "schema_version": 0,
          "attributes": {
            "address_space": [
              "10.0.0.0/16"
            ],
            "bgp_community": "",
            "ddos_protection_plan": [],
            "dns_servers": [],
            "edge_zone": "",
            "encryption": [],
            "flow_timeout_in_minutes": 0,
            "guid": "ed528f9d-0587-4c73-93f8-ae3da66451d3",
            "id": "/subscriptions/2d572c2f-9575-4056-b8fe-932ecbf7c74f/resourceGroups/rg-aksdemo-dev-canadacentral/providers/Microsoft.Network/virtualNetworks/vnet-aksdemo-dev",
            "ip_address_pool": [],
            "location": "canadacentral",
            "name": "vnet-aksdemo-dev",
            "private_endpoint_vnet_policies": "Disabled",
            "resource_group_name": "rg-aksdemo-dev-canadacentral",
            "subnet": [
              {
                "address_prefixes": [
                  "10.0.1.0/24"
                ],
                "default_outbound_access_enabled": true,
                "delegation": [],
                "id": "/subscriptions/2d572c2f-9575-4056-b8fe-932ecbf7c74f/resourceGroups/rg-aksdemo-dev-canadacentral/providers/Microsoft.Network/virtualNetworks/vnet-aksdemo-dev/subnets/snet-aks-aksdemo-dev",
                "name": "snet-aks-aksdemo-dev",
                "private_endpoint_network_policies": "Disabled",
                "private_link_service_network_policies_enabled": true,
                "route_table_id": "",
                "security_group": "",
                "service_endpoint_policy_ids": [],
                "service_endpoints": []
              }
            ],
            "tags": {
              "environment": "dev",
              "managed_by": "terraform",
              "project": "aksdemo"
            },
            "timeouts": null
          },
          "sensitive_attributes": [],
          "identity_schema_version": 0,
          "identity": {
            "name": "vnet-aksdemo-dev",
            "resource_group_name": "rg-aksdemo-dev-canadacentral",
            "subscription_id": "2d572c2f-9575-4056-b8fe-932ecbf7c74f"
          },
          "private": "eyJlMmJmYjczMC1lY2FhLTExZTYtOGY4OC0zNDM2M2JjN2M0YzAiOnsiY3JlYXRlIjoxODAwMDAwMDAwMDAwLCJkZWxldGUiOjE4MDAwMDAwMDAwMDAsInJlYWQiOjMwMDAwMDAwMDAwMCwidXBkYXRlIjoxODAwMDAwMDAwMDAwfX0=",
          "dependencies": [
            "module.resource_group.azurerm_resource_group.this"
          ]
        }
      ]
    },
    {
      "module": "module.resource_group",
      "mode": "managed",
      "type": "azurerm_resource_group",
      "name": "this",
      "provider": "provider[\"registry.terraform.io/hashicorp/azurerm\"]",
      "instances": [
        {
          "schema_version": 0,
          "attributes": {
            "id": "/subscriptions/2d572c2f-9575-4056-b8fe-932ecbf7c74f/resourceGroups/rg-aksdemo-dev-canadacentral",
            "location": "canadacentral",
            "managed_by": "",
            "name": "rg-aksdemo-dev-canadacentral",
            "tags": {
              "environment": "dev",
              "managed_by": "terraform",
              "project": "aksdemo"
            },
            "timeouts": null
          },
          "sensitive_attributes": [],
          "identity_schema_version": 0,
          "identity": {
            "name": "rg-aksdemo-dev-canadacentral",
            "subscription_id": "2d572c2f-9575-4056-b8fe-932ecbf7c74f"
          },
          "private": "eyJlMmJmYjczMC1lY2FhLTExZTYtOGY4OC0zNDM2M2JjN2M0YzAiOnsiY3JlYXRlIjo1NDAwMDAwMDAwMDAwLCJkZWxldGUiOjU0MDAwMDAwMDAwMDAsInJlYWQiOjMwMDAwMDAwMDAwMCwidXBkYXRlIjo1NDAwMDAwMDAwMDAwfX0="
        }
      ]
    }
  ],
  "check_results": null
}
